Microsoft Visual Studio Solution File, Format Version 12.00
# Visual Studio Version 17
VisualStudioVersion = 17.13.35931.197
MinimumVisualStudioVersion = 10.0.40219.1
Project("{FAE04EC0-301F-11D3-BF4B-00C04F79EFBC}") = "AzStaticWebAppDemo", "AzStaticWebAppDemo\AzStaticWebAppDemo.csproj", "{879F0388-56E3-4CE7-A2C9-AD9082218421}"
EndProject
Project("{FAE04EC0-301F-11D3-BF4B-00C04F79EFBC}") = "APIFunctions", "APIFunctions\APIFunctions.csproj", "{F4D25CDA-347F-4EEF-9388-2B1BE343A621}"
EndProject
Global
	GlobalSection(SolutionConfigurationPlatforms) = preSolution
		Debug|Any CPU = Debug|Any CPU
		Release|Any CPU = Release|Any CPU
	EndGlobalSection
	GlobalSection(ProjectConfigurationPlatforms) = postSolution
		{879F0388-56E3-4CE7-A2C9-AD9082218421}.Debug|Any CPU.ActiveCfg = Debug|Any CPU
		{879F0388-56E3-4CE7-A2C9-AD9082218421}.Debug|Any CPU.Build.0 = Debug|Any CPU
		{879F0388-56E3-4CE7-A2C9-AD9082218421}.Release|Any CPU.ActiveCfg = Release|Any CPU
		{879F0388-56E3-4CE7-A2C9-AD9082218421}.Release|Any CPU.Build.0 = Release|Any CPU
		{F4D25CDA-347F-4EEF-9388-2B1BE343A621}.Debug|Any CPU.ActiveCfg = Debug|Any CPU
		{F4D25CDA-347F-4EEF-9388-2B1BE343A621}.Debug|Any CPU.Build.0 = Debug|Any CPU
		{F4D25CDA-347F-4EEF-9388-2B1BE343A621}.Release|Any CPU.ActiveCfg = Release|Any CPU
		{F4D25CDA-347F-4EEF-9388-2B1BE343A621}.Release|Any CPU.Build.0 = Release|Any CPU
	EndGlobalSection
	GlobalSection(SolutionProperties) = preSolution
		HideSolutionNode = FALSE
	EndGlobalSection
	GlobalSection(ExtensibilityGlobals) = postSolution
		SolutionGuid = {6CCD3777-4EE2-4650-80EA-B5EBB8974198}
	EndGlobalSection
EndGlobal
